
Microsoft Visual Studio Solution File, Format Version 12.00
# Visual Studio Version 16
VisualStudioVersion = 16.0.29905.134
MinimumVisualStudioVersion = 10.0.40219.1
Project("{FAE04EC0-301F-11D3-BF4B-00C04F79EFBC}") = "AppartmentRentalFinalProject", "AppartmentRentalFinalProject\AppartmentRentalFinalProject.csproj", "{54A20ACC-13C3-474D-9B7C-7E276B949E62}"
EndProject
Global
	GlobalSection(SolutionConfigurationPlatforms) = preSolution
		Debug|Any CPU = Debug|Any CPU
		Release|Any CPU = Release|Any CPU
	EndGlobalSection
	GlobalSection(ProjectConfigurationPlatforms) = postSolution
		{54A20ACC-13C3-474D-9B7C-7E276B949E62}.Debug|Any CPU.ActiveCfg = Debug|Any CPU
		{54A20ACC-13C3-474D-9B7C-7E276B949E62}.Debug|Any CPU.Build.0 = Debug|Any CPU
		{54A20ACC-13C3-474D-9B7C-7E276B949E62}.Release|Any CPU.ActiveCfg = Release|Any CPU
		{54A20ACC-13C3-474D-9B7C-7E276B949E62}.Release|Any CPU.Build.0 = Release|Any CPU
	EndGlobalSection
	GlobalSection(SolutionProperties) = preSolution
		HideSolutionNode = FALSE
	EndGlobalSection
	GlobalSection(ExtensibilityGlobals) = postSolution
		SolutionGuid = {E2A36BE8-F246-44A9-A957-7A2E591D6D10}
	EndGlobalSection
EndGlobal
